
Microsoft Visual Studio Solution File, Format Version 12.00
# Visual Studio Version 17
VisualStudioVersion = 17.6.33815.320
MinimumVisualStudioVersion = 10.0.40219.1
Project("{FAE04EC0-301F-11D3-BF4B-00C04F79EFBC}") = "OnyxCom.BusinessApi", "OnyxCom.BusinessApi\OnyxCom.BusinessApi.csproj", "{3C49B475-54CA-4E44-A7E5-71D7B3E185F4}"
EndProject
Project("{FAE04EC0-301F-11D3-BF4B-00C04F79EFBC}") = "OnyxCom.UnitTest", "OnyxCom.UnitTest\OnyxCom.UnitTest.csproj", "{14F48F75-8113-40B4-9875-B4217A972D8F}"
EndProject
Global
	GlobalSection(SolutionConfigurationPlatforms) = preSolution
		Debug|Any CPU = Debug|Any CPU
		Release|Any CPU = Release|Any CPU
	EndGlobalSection
	GlobalSection(ProjectConfigurationPlatforms) = postSolution
		{3C49B475-54CA-4E44-A7E5-71D7B3E185F4}.Debug|Any CPU.ActiveCfg = Debug|Any CPU
		{3C49B475-54CA-4E44-A7E5-71D7B3E185F4}.Debug|Any CPU.Build.0 = Debug|Any CPU
		{3C49B475-54CA-4E44-A7E5-71D7B3E185F4}.Release|Any CPU.ActiveCfg = Release|Any CPU
		{3C49B475-54CA-4E44-A7E5-71D7B3E185F4}.Release|Any CPU.Build.0 = Release|Any CPU
		{14F48F75-8113-40B4-9875-B4217A972D8F}.Debug|Any CPU.ActiveCfg = Debug|Any CPU
		{14F48F75-8113-40B4-9875-B4217A972D8F}.Debug|Any CPU.Build.0 = Debug|Any CPU
		{14F48F75-8113-40B4-9875-B4217A972D8F}.Release|Any CPU.ActiveCfg = Release|Any CPU
		{14F48F75-8113-40B4-9875-B4217A972D8F}.Release|Any CPU.Build.0 = Release|Any CPU
	EndGlobalSection
	GlobalSection(SolutionProperties) = preSolution
		HideSolutionNode = FALSE
	EndGlobalSection
	GlobalSection(ExtensibilityGlobals) = postSolution
		SolutionGuid = {E1FF1495-4175-4A0C-AFC0-E0C89096E64A}
	EndGlobalSection
EndGlobal
